schema: '2.0'
stages:
  toy_1d:
    cmd: python -m stages.run_optimizer toy_1d
    params:
      params.yaml:
        experiments.toy_1d:
          problem:
            name: Toy1DProblem
          optimizers:
            scipy.optimize.minimize:
              name: scipy_optimize_minimize
              args:
                x0:
                - 2.0
            lpfgopt.minimize:
              name: lpfgopt_minimize
              args:
                bounds:
                - - -5.0
                  - 5.0
              n_trials: 20
            skopt_gp_minimize:
              name: skopt_gp_minimize
              args:
                dimensions:
                - - -5.0
                  - 5.0
              kwargs:
                n_calls: 50
                noise: 0.0
                n_initial_points: 10
              n_trials: 10
    outs:
    - path: results/toy_1d/
      hash: md5
      md5: 3701f63a630d3584469dc12760a71f9b.dir
      size: 269914
      nfiles: 32
  sys_id_fopdt:
    cmd: python -m stages.run_optimizer sys_id_fopdt
    params:
      params.yaml:
        experiments.sys_id_fopdt:
          problem:
            name: SysIdFromFileFOPDT
            args:
              bounds:
              - - -86.00479336990831
                - 86.00479336990831
              - - 15.08
                - 4406.4
              - - 0.0
                - 88.0
              - - 390.7399912087402
                - 609.27040320874
              - - 474.7938764
                - 584.0590823999999
              dt: 15.08
              io_data_path: problems/sys_id_fopdt/data/io_data_fopdt.csv
              u_label: Input1
              y_label: Output
            kwargs:
              u_base: 5.0
          optimizers:
            lpfgopt.minimize:
              name: lpfgopt_minimize
              args:
                bounds:
                - - -86.00479336990831
                  - 86.00479336990831
                - - 15.08
                  - 4406.4
                - - 0.0
                  - 88.0
                - - 390.7399912087402
                  - 609.27040320874
                - - 474.7938764
                  - 584.0590823999999
              kwargs:
                discrete:
                - 2
                points: 50
                tol: 0.01
                maxit: 1000
              n_trials: 20
    outs:
    - path: results/sys_id_fopdt/
      hash: md5
      md5: cc0c6749559a151e8f21f2f04f697807.dir
      size: 1777993
      nfiles: 21
  sys_id_fopdt_real_delay:
    cmd: python -m stages.run_optimizer sys_id_fopdt_real_delay
    params:
      params.yaml:
        experiments.sys_id_fopdt_real_delay:
          problem:
            name: SysIdFromFileFOPDTRealDelay
            args:
              bounds:
              - - -86.00479336990831
                - 86.00479336990831
              - - 15.08
                - 4406.4
              - - 0
                - 1320
              - - 390.7399912087402
                - 609.27040320874
              - - 474.7938764
                - 584.0590823999999
              dt: 15.08
              io_data_path: problems/sys_id_fopdt/data/io_data_fopdt.csv
              u_label: Input1
              y_label: Output
            kwargs:
              u_base: 5.0
          optimizers:
            lpfgopt.minimize:
              name: lpfgopt_minimize
              args:
                bounds:
                - - -86.00479336990831
                  - 86.00479336990831
                - - 15.08
                  - 4406.4
                - - 0.0
                  - 88.0
                - - 390.7399912087402
                  - 609.27040320874
                - - 474.7938764
                  - 584.0590823999999
              kwargs:
                discrete:
                - 2
                points: 50
                tol: 0.01
                maxit: 1000
              n_trials: 20
    outs:
    - path: results/sys_id_fopdt_real_delay/
      hash: md5
      md5: 86b037fa42fff5fbaa67298e5c879366.dir
      size: 1930643
      nfiles: 21
  sys_id_fopdt_run:
    cmd: python -m stages.run_optimizer sys_id_fopdt
    deps:
    - path: stages/run_optimizer.py
      hash: md5
      md5: 5127d48ff8637f25ea20253ae865d3d0
      size: 4011
    params:
      params.yaml:
        experiments.sys_id_fopdt:
          problem:
            name: SysIdFromFileFOPDT
            args:
              bounds:
              - - -86.00479336990831
                - 86.00479336990831
              - - 15.08
                - 4406.4
              - - 0.0
                - 88.0
              - - 390.7399912087402
                - 609.27040320874
              - - 474.7938764
                - 584.0590823999999
              dt: 15.08
              io_data_path: problems/sys_id_fopdt/data/io_data_fopdt.csv
              u_label: Input1
              y_label: Output
            kwargs:
              u_base: 5.0
          optimizers:
            lpfgopt_minimize:
              name: lpfgopt_minimize
              args:
                bounds:
                - - -86.00479336990831
                  - 86.00479336990831
                - - 15.08
                  - 4406.4
                - - 0.0
                  - 88.0
                - - 390.7399912087402
                  - 609.27040320874
                - - 474.7938764
                  - 584.0590823999999
              kwargs:
                discrete:
                - 2
                points: 50
                tol: 0.01
                maxit: 1000
              n_trials: 100
    outs:
    - path: results/sys_id_fopdt/results
      hash: md5
      md5: 3c962370165c14cfedb6c22d40ee4372.dir
      size: 9127921
      nfiles: 101
  sys_id_fopdt_plot:
    cmd: python -m stages.make_plots sys_id_fopdt
    deps:
    - path: results/sys_id_fopdt/results
      hash: md5
      md5: 3c962370165c14cfedb6c22d40ee4372.dir
      size: 9127921
      nfiles: 101
    - path: stages/make_plots.py
      hash: md5
      md5: 60f2760c510c1ec5c54b0adc53d07621
      size: 3551
    params:
      params.yaml:
        experiments.sys_id_fopdt:
          problem:
            name: SysIdFromFileFOPDT
            args:
              bounds:
              - - -86.00479336990831
                - 86.00479336990831
              - - 15.08
                - 4406.4
              - - 0.0
                - 88.0
              - - 390.7399912087402
                - 609.27040320874
              - - 474.7938764
                - 584.0590823999999
              dt: 15.08
              io_data_path: problems/sys_id_fopdt/data/io_data_fopdt.csv
              u_label: Input1
              y_label: Output
            kwargs:
              u_base: 5.0
          optimizers:
            lpfgopt_minimize:
              name: lpfgopt_minimize
              args:
                bounds:
                - - -86.00479336990831
                  - 86.00479336990831
                - - 15.08
                  - 4406.4
                - - 0.0
                  - 88.0
                - - 390.7399912087402
                  - 609.27040320874
                - - 474.7938764
                  - 584.0590823999999
              kwargs:
                discrete:
                - 2
                points: 50
                tol: 0.01
                maxit: 1000
              n_trials: 100
    outs:
    - path: results/sys_id_fopdt/plots
      hash: md5
      md5: cfa5f01c2ce4b9e7f9883494cded54f2.dir
      size: 42539
      nfiles: 2
  sys_id_fopdt_real_delay_run:
    cmd: python -m stages.run_optimizer sys_id_fopdt_real_delay
    deps:
    - path: stages/run_optimizer.py
      hash: md5
      md5: 5127d48ff8637f25ea20253ae865d3d0
      size: 4011
    params:
      params.yaml:
        experiments.sys_id_fopdt_real_delay:
          problem:
            name: SysIdFromFileFOPDTRealDelay
            args:
              bounds:
              - - -86.00479336990831
                - 86.00479336990831
              - - 15.08
                - 4406.4
              - - 0
                - 1320
              - - 390.7399912087402
                - 609.27040320874
              - - 474.7938764
                - 584.0590823999999
              dt: 15.08
              io_data_path: problems/sys_id_fopdt/data/io_data_fopdt.csv
              u_label: Input1
              y_label: Output
            kwargs:
              u_base: 5.0
          optimizers:
            lpfgopt_minimize:
              name: lpfgopt_minimize
              args:
                bounds:
                - - -86.00479336990831
                  - 86.00479336990831
                - - 15.08
                  - 4406.4
                - - 0.0
                  - 88.0
                - - 390.7399912087402
                  - 609.27040320874
                - - 474.7938764
                  - 584.0590823999999
              kwargs:
                discrete:
                - 2
                points: 50
                tol: 0.01
                maxit: 1000
              n_trials: 100
    outs:
    - path: results/sys_id_fopdt_real_delay/results
      hash: md5
      md5: cbac598094b83e947f647594d0ea79cd.dir
      size: 9420888
      nfiles: 101
  sys_id_fopdt_real_delay_plot:
    cmd: python -m stages.make_plots sys_id_fopdt_real_delay
    deps:
    - path: results/sys_id_fopdt_real_delay/results
      hash: md5
      md5: cbac598094b83e947f647594d0ea79cd.dir
      size: 9420888
      nfiles: 101
    - path: stages/make_plots.py
      hash: md5
      md5: 60f2760c510c1ec5c54b0adc53d07621
      size: 3551
    params:
      params.yaml:
        experiments.sys_id_fopdt_real_delay:
          problem:
            name: SysIdFromFileFOPDTRealDelay
            args:
              bounds:
              - - -86.00479336990831
                - 86.00479336990831
              - - 15.08
                - 4406.4
              - - 0
                - 1320
              - - 390.7399912087402
                - 609.27040320874
              - - 474.7938764
                - 584.0590823999999
              dt: 15.08
              io_data_path: problems/sys_id_fopdt/data/io_data_fopdt.csv
              u_label: Input1
              y_label: Output
            kwargs:
              u_base: 5.0
          optimizers:
            lpfgopt_minimize:
              name: lpfgopt_minimize
              args:
                bounds:
                - - -86.00479336990831
                  - 86.00479336990831
                - - 15.08
                  - 4406.4
                - - 0.0
                  - 88.0
                - - 390.7399912087402
                  - 609.27040320874
                - - 474.7938764
                  - 584.0590823999999
              kwargs:
                discrete:
                - 2
                points: 50
                tol: 0.01
                maxit: 1000
              n_trials: 100
    outs:
    - path: results/sys_id_fopdt_real_delay/plots
      hash: md5
      md5: 223a1c75e80f1fe191d0cb96dda3f142.dir
      size: 42252
      nfiles: 2
  toy_1d_run:
    cmd: python -m stages.run_optimizer toy_1d
    deps:
    - path: stages/run_optimizer.py
      hash: md5
      md5: 5127d48ff8637f25ea20253ae865d3d0
      size: 4011
    params:
      params.yaml:
        experiments.toy_1d:
          problem:
            name: Toy1DProblem
          optimizers:
            lpfgopt_minimize:
              name: lpfgopt_minimize
              args:
                bounds:
                - - -5.0
                  - 5.0
              n_trials: 100
    outs:
    - path: results/toy_1d/results
      hash: md5
      md5: 9ddfebb8774d386037fdde5bdbad6983.dir
      size: 1258941
      nfiles: 101
  toy_1d_plot:
    cmd: python -m stages.make_plots toy_1d
    deps:
    - path: results/toy_1d/results
      hash: md5
      md5: 9ddfebb8774d386037fdde5bdbad6983.dir
      size: 1258941
      nfiles: 101
    - path: stages/make_plots.py
      hash: md5
      md5: 60f2760c510c1ec5c54b0adc53d07621
      size: 3551
    params:
      params.yaml:
        experiments.toy_1d:
          problem:
            name: Toy1DProblem
          optimizers:
            lpfgopt_minimize:
              name: lpfgopt_minimize
              args:
                bounds:
                - - -5.0
                  - 5.0
              n_trials: 100
    outs:
    - path: results/toy_1d/plots
      hash: md5
      md5: 4c77b6ffc3f60a3cbc0d2cb34f470177.dir
      size: 33078
      nfiles: 2
